# This file is generated by running "yarn install" inside your project.
# Manual changes might be lost - proceed with caution!

__metadata:
  version: 6
  cacheKey: 8

"a@0.0.0, a@workspace:a":
  version: 0.0.0-use.local
  resolution: "a@workspace:a"
  dependencies:
    b: 0.0.0
    function-bind: 1.1.1
  bin:
    a: bin.sh
  languageName: unknown
  linkType: soft

"b@0.0.0, b@workspace:b":
  version: 0.0.0-use.local
  resolution: "b@workspace:b"
  languageName: unknown
  linkType: soft

"c@workspace:c":
  version: 0.0.0-use.local
  resolution: "c@workspace:c"
  languageName: unknown
  linkType: soft

"downstream@workspace:downstream":
  version: 0.0.0-use.local
  resolution: "downstream@workspace:downstream"
  dependencies:
    a: 0.0.0
  languageName: unknown
  linkType: soft

"function-bind@npm:1.1.1":
  version: 1.1.1
  resolution: "function-bind@npm:1.1.1"
  checksum: b32fbaebb3f8ec4969f033073b43f5c8befbb58f1a79e12f1d7490358150359ebd92f49e72ff0144f65f2c48ea2a605bff2d07965f548f6474fd8efd95bf361a
  languageName: node
  linkType: hard

"not-downstream@workspace:not-downstream":
  version: 0.0.0-use.local
  resolution: "not-downstream@workspace:not-downstream"
  languageName: unknown
  linkType: soft

"root-workspace-0b6124@workspace:.":
  version: 0.0.0-use.local
  resolution: "root-workspace-0b6124@workspace:."
  languageName: unknown
  linkType: soft
