# This file is generated by running "yarn install" inside your project.
# Manual changes might be lost - proceed with caution!

__metadata:
  version: 6

"@uber/a@workspace:projects/a":
  version: 0.0.0-use.local
  resolution: "@uber/a@workspace:projects/a"
  dependencies:
    "@uber/b": 0.0.0
  languageName: unknown
  linkType: soft

"@uber/b@0.0.0, @uber/b@workspace:projects/b":
  version: 0.0.0-use.local
  resolution: "@uber/b@workspace:projects/b"
  languageName: unknown
  linkType: soft

"root-workspace-0b6124@workspace:.":
  version: 0.0.0-use.local
  resolution: "root-workspace-0b6124@workspace:."
  languageName: unknown
  linkType: soft
