# This file is generated by running "yarn install" inside your project.
# Manual changes might be lost - proceed with caution!

__metadata:
  version: 6

"a@workspace:a":
  version: 0.0.0-use.local
  resolution: "a@workspace:a"
  languageName: unknown
  linkType: soft

"b@workspace:b":
  version: 0.0.0-use.local
  resolution: "b@workspace:b"
  languageName: unknown
  linkType: soft

"c@workspace:c":
  version: 0.0.0-use.local
  resolution: "c@workspace:c"
  languageName: unknown
  linkType: soft

"root-workspace-0b6124@workspace:.":
  version: 0.0.0-use.local
  resolution: "root-workspace-0b6124@workspace:."
  languageName: unknown
  linkType: soft
