# This file is generated by running "yarn install" inside your project.
# Manual changes might be lost - proceed with caution!

__metadata:
  version: 6

"a@workspace:a":
  version: 0.0.0-use.local
  resolution: "a@workspace:a"
  dependencies:
    b: 0.0.0
  languageName: unknown
  linkType: soft

"b@0.0.0, b@workspace:b":
  version: 0.0.0-use.local
  resolution: "b@workspace:b"
  dependencies:
    c: 0.0.0
  languageName: unknown
  linkType: soft

"c@0.0.0, c@workspace:c":
  version: 0.0.0-use.local
  resolution: "c@workspace:c"
  languageName: unknown
  linkType: soft

"d@workspace:d":
  version: 0.0.0-use.local
  resolution: "d@workspace:d"
  languageName: unknown
  linkType: soft

"root-workspace-0b6124@workspace:.":
  version: 0.0.0-use.local
  resolution: "root-workspace-0b6124@workspace:."
  languageName: unknown
  linkType: soft

"test-missing-file-dep@0.0.0, test-missing-file-dep@workspace:test-missing-file-dep":
  version: 0.0.0-use.local
  resolution: "test-missing-file-dep@workspace:test-missing-file-dep"
  languageName: unknown
  linkType: soft

"test-missing-file-label-only-dep@0.0.0, test-missing-file-label-only-dep@workspace:test-missing-file-label-only-dep":
  version: 0.0.0-use.local
  resolution: "test-missing-file-label-only-dep@workspace:test-missing-file-label-only-dep"
  languageName: unknown
  linkType: soft

"test-missing-file-label-only@workspace:test-missing-file-label-only":
  version: 0.0.0-use.local
  resolution: "test-missing-file-label-only@workspace:test-missing-file-label-only"
  dependencies:
    test-missing-file-label-only-dep: 0.0.0
  languageName: unknown
  linkType: soft

"test-missing-file@workspace:test-missing-file":
  version: 0.0.0-use.local
  resolution: "test-missing-file@workspace:test-missing-file"
  dependencies:
    test-missing-file-dep: 0.0.0
  languageName: unknown
  linkType: soft
